hash: c9ffde093d9b081628cf806d8e1c65a8020fd3a29ea00cabff1e6c957b3af23a
updated: 2018-12-16T17:05:41.79546+07:00
imports:
- name: github.com/go-sql-driver/mysql
  version: d523deb1b23d913de5bdada721a6071e71283618
  repo: https://github.com/go-sql-driver/mysql
  vcs: git
- name: github.com/go-xorm/builder
  version: a9b7ffcca3f0c6445c4e3b1bf72c01578817a6c3
- name: github.com/go-xorm/core
  version: f43c33d9a48db006417a7ac4c16b08897e3e1458
- name: github.com/go-xorm/xorm
  version: fc1b13e0d8e240788213230aa5747eb557f80f41
  repo: https://github.com/go-xorm/xorm
  vcs: git
- name: github.com/jinzhu/gorm
  version: 472c70caa40267cb89fd8facb07fe6454b578626
  repo: https://github.com/jinzhu/gorm
  vcs: git
- name: github.com/jinzhu/inflection
  version: 04140366298a54a039076d798123ffa108fff46c
- name: google.golang.org/appengine
  version: ae0ab99deb4dc413a2b4bd6c8bdd0eb67f1e4d06
  subpackages:
  - cloudsql
testImports: []
